
Microsoft Visual Studio Solution File, Format Version 12.00
# Visual Studio Version 17
VisualStudioVersion = 17.14.37012.4 d17.14
MinimumVisualStudioVersion = 10.0.40219.1
Project("{FAE04EC0-301F-11D3-BF4B-00C04F79EFBC}") = "ServerConnectionInitiation", "ServerConnectionInitiation.csproj", "{099634E2-780A-489F-819F-8B183AE7B5ED}"
EndProject
Global
	GlobalSection(SolutionConfigurationPlatforms) = preSolution
		Debug|Any CPU = Debug|Any CPU
		Release|Any CPU = Release|Any CPU
	EndGlobalSection
	GlobalSection(ProjectConfigurationPlatforms) = postSolution
		{099634E2-780A-489F-819F-8B183AE7B5ED}.Debug|Any CPU.ActiveCfg = Debug|Any CPU
		{099634E2-780A-489F-819F-8B183AE7B5ED}.Debug|Any CPU.Build.0 = Debug|Any CPU
		{099634E2-780A-489F-819F-8B183AE7B5ED}.Release|Any CPU.ActiveCfg = Release|Any CPU
		{099634E2-780A-489F-819F-8B183AE7B5ED}.Release|Any CPU.Build.0 = Release|Any CPU
	EndGlobalSection
	GlobalSection(SolutionProperties) = preSolution
		HideSolutionNode = FALSE
	EndGlobalSection
	GlobalSection(ExtensibilityGlobals) = postSolution
		SolutionGuid = {82ECE50C-7279-463D-8370-A05A297ECC6A}
	EndGlobalSection
EndGlobal
